
Microsoft Visual Studio Solution File, Format Version 12.00
# Visual Studio Version 17
VisualStudioVersion = 17.14.36705.20 d17.14
MinimumVisualStudioVersion = 10.0.40219.1
Project("{F184B08F-C81C-45F6-A57F-5ABD9991F28F}") = "ToDoApp SQL", "ToDoApp SQL.vbproj", "{0E2235FF-FA68-421E-9D48-A49DE50FB48B}"
EndProject
Global
	GlobalSection(SolutionConfigurationPlatforms) = preSolution
		Debug|Any CPU = Debug|Any CPU
		Release|Any CPU = Release|Any CPU
	EndGlobalSection
	GlobalSection(ProjectConfigurationPlatforms) = postSolution
		{0E2235FF-FA68-421E-9D48-A49DE50FB48B}.Debug|Any CPU.ActiveCfg = Debug|Any CPU
		{0E2235FF-FA68-421E-9D48-A49DE50FB48B}.Debug|Any CPU.Build.0 = Debug|Any CPU
		{0E2235FF-FA68-421E-9D48-A49DE50FB48B}.Release|Any CPU.ActiveCfg = Release|Any CPU
		{0E2235FF-FA68-421E-9D48-A49DE50FB48B}.Release|Any CPU.Build.0 = Release|Any CPU
	EndGlobalSection
	GlobalSection(SolutionProperties) = preSolution
		HideSolutionNode = FALSE
	EndGlobalSection
	GlobalSection(ExtensibilityGlobals) = postSolution
		SolutionGuid = {8C85113B-90C5-4623-BAEF-08DA86DFB6E9}
	EndGlobalSection
EndGlobal
